
Microsoft Visual Studio Solution File, Format Version 12.00
# Visual Studio Version 16
VisualStudioVersion = 16.0.29001.49
MinimumVisualStudioVersion = 10.0.40219.1
Project("{FAE04EC0-301F-11D3-BF4B-00C04F79EFBC}") = "Blog_xam.Android", "Blog_xam.Android\Blog_xam.Android.csproj", "{20BABF72-2BFC-4ED0-807C-22ADD9DD1A5F}"
EndProject
Project("{FAE04EC0-301F-11D3-BF4B-00C04F79EFBC}") = "Blog_xam.iOS", "Blog_xam.iOS\Blog_xam.iOS.csproj", "{344559BA-E839-4C21-9816-641E890DBC80}"
EndProject
Project("{FAE04EC0-301F-11D3-BF4B-00C04F79EFBC}") = "Blog_xam", "Blog_xam\Blog_xam.csproj", "{6537B8F6-1E9E-485A-B02F-24D35389EBEB}"
EndProject
Global
	GlobalSection(SolutionConfigurationPlatforms) = preSolution
		Debug|Any CPU = Debug|Any CPU
		Debug|iPhone = Debug|iPhone
		Debug|iPhoneSimulator = Debug|iPhoneSimulator
		Release|Any CPU = Release|Any CPU
		Release|iPhone = Release|iPhone
		Release|iPhoneSimulator = Release|iPhoneSimulator
	EndGlobalSection
	GlobalSection(ProjectConfigurationPlatforms) = postSolution
		{20BABF72-2BFC-4ED0-807C-22ADD9DD1A5F}.Debug|Any CPU.ActiveCfg = Debug|Any CPU
		{20BABF72-2BFC-4ED0-807C-22ADD9DD1A5F}.Debug|Any CPU.Build.0 = Debug|Any CPU
		{20BABF72-2BFC-4ED0-807C-22ADD9DD1A5F}.Debug|Any CPU.Deploy.0 = Debug|Any CPU
		{20BABF72-2BFC-4ED0-807C-22ADD9DD1A5F}.Debug|iPhone.ActiveCfg = Debug|Any CPU
		{20BABF72-2BFC-4ED0-807C-22ADD9DD1A5F}.Debug|iPhone.Build.0 = Debug|Any CPU
		{20BABF72-2BFC-4ED0-807C-22ADD9DD1A5F}.Debug|iPhone.Deploy.0 = Debug|Any CPU
		{20BABF72-2BFC-4ED0-807C-22ADD9DD1A5F}.Debug|iPhoneSimulator.ActiveCfg = Debug|Any CPU
		{20BABF72-2BFC-4ED0-807C-22ADD9DD1A5F}.Debug|iPhoneSimulator.Build.0 = Debug|Any CPU
		{20BABF72-2BFC-4ED0-807C-22ADD9DD1A5F}.Debug|iPhoneSimulator.Deploy.0 = Debug|Any CPU
		{20BABF72-2BFC-4ED0-807C-22ADD9DD1A5F}.Release|Any CPU.ActiveCfg = Release|Any CPU
		{20BABF72-2BFC-4ED0-807C-22ADD9DD1A5F}.Release|Any CPU.Build.0 = Release|Any CPU
		{20BABF72-2BFC-4ED0-807C-22ADD9DD1A5F}.Release|Any CPU.Deploy.0 = Release|Any CPU
		{20BABF72-2BFC-4ED0-807C-22ADD9DD1A5F}.Release|iPhone.ActiveCfg = Release|Any CPU
		{20BABF72-2BFC-4ED0-807C-22ADD9DD1A5F}.Release|iPhone.Build.0 = Release|Any CPU
		{20BABF72-2BFC-4ED0-807C-22ADD9DD1A5F}.Release|iPhone.Deploy.0 = Release|Any CPU
		{20BABF72-2BFC-4ED0-807C-22ADD9DD1A5F}.Release|iPhoneSimulator.ActiveCfg = Release|Any CPU
		{20BABF72-2BFC-4ED0-807C-22ADD9DD1A5F}.Release|iPhoneSimulator.Build.0 = Release|Any CPU
		{20BABF72-2BFC-4ED0-807C-22ADD9DD1A5F}.Release|iPhoneSimulator.Deploy.0 = Release|Any CPU
		{344559BA-E839-4C21-9816-641E890DBC80}.Debug|Any CPU.ActiveCfg = Debug|iPhoneSimulator
		{344559BA-E839-4C21-9816-641E890DBC80}.Debug|Any CPU.Build.0 = Debug|iPhoneSimulator
		{344559BA-E839-4C21-9816-641E890DBC80}.Debug|Any CPU.Deploy.0 = Debug|iPhoneSimulator
		{344559BA-E839-4C21-9816-641E890DBC80}.Debug|iPhone.ActiveCfg = Debug|iPhone
		{344559BA-E839-4C21-9816-641E890DBC80}.Debug|iPhone.Build.0 = Debug|iPhone
		{344559BA-E839-4C21-9816-641E890DBC80}.Debug|iPhone.Deploy.0 = Debug|iPhone
		{344559BA-E839-4C21-9816-641E890DBC80}.Debug|iPhoneSimulator.ActiveCfg = Debug|iPhoneSimulator
		{344559BA-E839-4C21-9816-641E890DBC80}.Debug|iPhoneSimulator.Build.0 = Debug|iPhoneSimulator
		{344559BA-E839-4C21-9816-641E890DBC80}.Debug|iPhoneSimulator.Deploy.0 = Debug|iPhoneSimulator
		{344559BA-E839-4C21-9816-641E890DBC80}.Release|Any CPU.ActiveCfg = Release|iPhone
		{344559BA-E839-4C21-9816-641E890DBC80}.Release|Any CPU.Build.0 = Release|iPhone
		{344559BA-E839-4C21-9816-641E890DBC80}.Release|Any CPU.Deploy.0 = Release|iPhone
		{344559BA-E839-4C21-9816-641E890DBC80}.Release|iPhone.ActiveCfg = Release|iPhone
		{344559BA-E839-4C21-9816-641E890DBC80}.Release|iPhone.Build.0 = Release|iPhone
		{344559BA-E839-4C21-9816-641E890DBC80}.Release|iPhone.Deploy.0 = Release|iPhone
		{344559BA-E839-4C21-9816-641E890DBC80}.Release|iPhoneSimulator.ActiveCfg = Release|iPhoneSimulator
		{344559BA-E839-4C21-9816-641E890DBC80}.Release|iPhoneSimulator.Build.0 = Release|iPhoneSimulator
		{344559BA-E839-4C21-9816-641E890DBC80}.Release|iPhoneSimulator.Deploy.0 = Release|iPhoneSimulator
		{6537B8F6-1E9E-485A-B02F-24D35389EBEB}.Debug|Any CPU.ActiveCfg = Debug|Any CPU
		{6537B8F6-1E9E-485A-B02F-24D35389EBEB}.Debug|Any CPU.Build.0 = Debug|Any CPU
		{6537B8F6-1E9E-485A-B02F-24D35389EBEB}.Debug|Any CPU.Deploy.0 = Debug|Any CPU
		{6537B8F6-1E9E-485A-B02F-24D35389EBEB}.Debug|iPhone.ActiveCfg = Debug|Any CPU
		{6537B8F6-1E9E-485A-B02F-24D35389EBEB}.Debug|iPhone.Build.0 = Debug|Any CPU
		{6537B8F6-1E9E-485A-B02F-24D35389EBEB}.Debug|iPhone.Deploy.0 = Debug|Any CPU
		{6537B8F6-1E9E-485A-B02F-24D35389EBEB}.Debug|iPhoneSimulator.ActiveCfg = Debug|Any CPU
		{6537B8F6-1E9E-485A-B02F-24D35389EBEB}.Debug|iPhoneSimulator.Build.0 = Debug|Any CPU
		{6537B8F6-1E9E-485A-B02F-24D35389EBEB}.Debug|iPhoneSimulator.Deploy.0 = Debug|Any CPU
		{6537B8F6-1E9E-485A-B02F-24D35389EBEB}.Release|Any CPU.ActiveCfg = Release|Any CPU
		{6537B8F6-1E9E-485A-B02F-24D35389EBEB}.Release|Any CPU.Build.0 = Release|Any CPU
		{6537B8F6-1E9E-485A-B02F-24D35389EBEB}.Release|Any CPU.Deploy.0 = Release|Any CPU
		{6537B8F6-1E9E-485A-B02F-24D35389EBEB}.Release|iPhone.ActiveCfg = Release|Any CPU
		{6537B8F6-1E9E-485A-B02F-24D35389EBEB}.Release|iPhone.Build.0 = Release|Any CPU
		{6537B8F6-1E9E-485A-B02F-24D35389EBEB}.Release|iPhone.Deploy.0 = Release|Any CPU
		{6537B8F6-1E9E-485A-B02F-24D35389EBEB}.Release|iPhoneSimulator.ActiveCfg = Release|Any CPU
		{6537B8F6-1E9E-485A-B02F-24D35389EBEB}.Release|iPhoneSimulator.Build.0 = Release|Any CPU
		{6537B8F6-1E9E-485A-B02F-24D35389EBEB}.Release|iPhoneSimulator.Deploy.0 = Release|Any CPU
	EndGlobalSection
	GlobalSection(SolutionProperties) = preSolution
		HideSolutionNode = FALSE
	EndGlobalSection
	GlobalSection(ExtensibilityGlobals) = postSolution
		SolutionGuid = {1A5DBA63-0873-40C3-8838-B8A024F00B3F}
	EndGlobalSection
EndGlobal
